
Microsoft Visual Studio Solution File, Format Version 12.00
# Visual Studio Version 16
VisualStudioVersion = 16.0.28803.452
MinimumVisualStudioVersion = 10.0.40219.1
Project("{FAE04EC0-301F-11D3-BF4B-00C04F79EFBC}") = "RPE", "RPE\RPE.csproj", "{F39B55DF-6C8D-4C6A-9EA1-065F05598251}"
EndProject
Global
	GlobalSection(SolutionConfigurationPlatforms) = preSolution
		Debug|Any CPU = Debug|Any CPU
		Release|Any CPU = Release|Any CPU
	EndGlobalSection
	GlobalSection(ProjectConfigurationPlatforms) = postSolution
		{F39B55DF-6C8D-4C6A-9EA1-065F05598251}.Debug|Any CPU.ActiveCfg = Debug|Any CPU
		{F39B55DF-6C8D-4C6A-9EA1-065F05598251}.Debug|Any CPU.Build.0 = Debug|Any CPU
		{F39B55DF-6C8D-4C6A-9EA1-065F05598251}.Release|Any CPU.ActiveCfg = Release|Any CPU
		{F39B55DF-6C8D-4C6A-9EA1-065F05598251}.Release|Any CPU.Build.0 = Release|Any CPU
	EndGlobalSection
	GlobalSection(SolutionProperties) = preSolution
		HideSolutionNode = FALSE
	EndGlobalSection
	GlobalSection(ExtensibilityGlobals) = postSolution
		SolutionGuid = {590F4CE3-5CE1-4E44-942C-77DC18655836}
	EndGlobalSection
EndGlobal
